
Microsoft Visual Studio Solution File, Format Version 12.00
# Visual Studio Version 17
VisualStudioVersion = 17.7.34031.279
MinimumVisualStudioVersion = 10.0.40219.1
Project("{FAE04EC0-301F-11D3-BF4B-00C04F79EFBC}") = "WordRearrangement", "WordRearrangement.csproj", "{8B39943B-F952-4E29-A9AC-95921A872CC5}"
EndProject
Project("{FAE04EC0-301F-11D3-BF4B-00C04F79EFBC}") = "WordRearrangementMS-Test", "..\WordRearrangementMS-Test\WordRearrangementMS-Test.csproj", "{93C8C625-6EF8-429E-862B-533475A1E514}"
EndProject
Global
	GlobalSection(SolutionConfigurationPlatforms) = preSolution
		Debug|Any CPU = Debug|Any CPU
		Release|Any CPU = Release|Any CPU
	EndGlobalSection
	GlobalSection(ProjectConfigurationPlatforms) = postSolution
		{8B39943B-F952-4E29-A9AC-95921A872CC5}.Debug|Any CPU.ActiveCfg = Debug|Any CPU
		{8B39943B-F952-4E29-A9AC-95921A872CC5}.Debug|Any CPU.Build.0 = Debug|Any CPU
		{8B39943B-F952-4E29-A9AC-95921A872CC5}.Release|Any CPU.ActiveCfg = Release|Any CPU
		{8B39943B-F952-4E29-A9AC-95921A872CC5}.Release|Any CPU.Build.0 = Release|Any CPU
		{93C8C625-6EF8-429E-862B-533475A1E514}.Debug|Any CPU.ActiveCfg = Debug|Any CPU
		{93C8C625-6EF8-429E-862B-533475A1E514}.Debug|Any CPU.Build.0 = Debug|Any CPU
		{93C8C625-6EF8-429E-862B-533475A1E514}.Release|Any CPU.ActiveCfg = Release|Any CPU
		{93C8C625-6EF8-429E-862B-533475A1E514}.Release|Any CPU.Build.0 = Release|Any CPU
	EndGlobalSection
	GlobalSection(SolutionProperties) = preSolution
		HideSolutionNode = FALSE
	EndGlobalSection
	GlobalSection(ExtensibilityGlobals) = postSolution
		SolutionGuid = {DD74F735-43DA-4375-BE1B-8BBE2FBD360D}
	EndGlobalSection
EndGlobal
